
Microsoft Visual Studio Solution File, Format Version 12.00
# Visual Studio Version 17
VisualStudioVersion = 17.5.002.0
MinimumVisualStudioVersion = 10.0.40219.1
Project("{9A19103F-16F7-4668-BE54-9A1E7A4F7556}") = "instastalk", "instastalk.csproj", "{369E1B86-F707-4E04-8E31-D682E7782DE9}"
EndProject
Global
	GlobalSection(SolutionConfigurationPlatforms) = preSolution
		Debug|Any CPU = Debug|Any CPU
		Release|Any CPU = Release|Any CPU
	EndGlobalSection
	GlobalSection(ProjectConfigurationPlatforms) = postSolution
		{369E1B86-F707-4E04-8E31-D682E7782DE9}.Debug|Any CPU.ActiveCfg = Debug|Any CPU
		{369E1B86-F707-4E04-8E31-D682E7782DE9}.Debug|Any CPU.Build.0 = Debug|Any CPU
		{369E1B86-F707-4E04-8E31-D682E7782DE9}.Release|Any CPU.ActiveCfg = Release|Any CPU
		{369E1B86-F707-4E04-8E31-D682E7782DE9}.Release|Any CPU.Build.0 = Release|Any CPU
	EndGlobalSection
	GlobalSection(SolutionProperties) = preSolution
		HideSolutionNode = FALSE
	EndGlobalSection
	GlobalSection(ExtensibilityGlobals) = postSolution
		SolutionGuid = {469E6517-3EC3-477D-903A-2927EA63CF5F}
	EndGlobalSection
EndGlobal
